
Microsoft Visual Studio Solution File, Format Version 12.00
# Visual Studio 2012
Project("{FAE04EC0-301F-11D3-BF4B-00C04F79EFBC}") = "TDCContactsAPI", "TDCContactsAPI\TDCContactsAPI.csproj", "{A55BE2A0-29AC-4EC2-B2FF-1138C1D3E15C}"
EndProject
Global
	GlobalSection(SolutionConfigurationPlatforms) = preSolution
		Debug|Any CPU = Debug|Any CPU
		Release|Any CPU = Release|Any CPU
	EndGlobalSection
	GlobalSection(ProjectConfigurationPlatforms) = postSolution
		{A55BE2A0-29AC-4EC2-B2FF-1138C1D3E15C}.Debug|Any CPU.ActiveCfg = Debug|Any CPU
		{A55BE2A0-29AC-4EC2-B2FF-1138C1D3E15C}.Debug|Any CPU.Build.0 = Debug|Any CPU
		{A55BE2A0-29AC-4EC2-B2FF-1138C1D3E15C}.Release|Any CPU.ActiveCfg = Release|Any CPU
		{A55BE2A0-29AC-4EC2-B2FF-1138C1D3E15C}.Release|Any CPU.Build.0 = Release|Any CPU
	EndGlobalSection
	GlobalSection(SolutionProperties) = preSolution
		HideSolutionNode = FALSE
	EndGlobalSection
EndGlobal
